
Microsoft Visual Studio Solution File, Format Version 12.00
# Visual Studio 15
Project("{FAE04EC0-301F-11D3-BF4B-00C04F79EFBC}") = "jorgejgnz.hptk.runtime", "jorgejgnz.hptk.runtime.csproj", "{E549C0B1-4E6D-5780-8913-51CE0186C2C4}"
EndProject
Project("{FAE04EC0-301F-11D3-BF4B-00C04F79EFBC}") = "jorgejgnz.hptk.editor", "jorgejgnz.hptk.editor.csproj", "{F3450FC6-0E10-0A47-2F62-4E08F7AE2CAD}"
EndProject
Global
	GlobalSection(SolutionConfigurationPlatforms) = preSolution
		Debug|Any CPU = Debug|Any CPU
		Release|Any CPU = Release|Any CPU
	EndGlobalSection
	GlobalSection(ProjectConfigurationPlatforms) = postSolution
		{E549C0B1-4E6D-5780-8913-51CE0186C2C4}.Debug|Any CPU.ActiveCfg = Debug|Any CPU
		{E549C0B1-4E6D-5780-8913-51CE0186C2C4}.Debug|Any CPU.Build.0 = Debug|Any CPU
		{E549C0B1-4E6D-5780-8913-51CE0186C2C4}.Release|Any CPU.ActiveCfg = Release|Any CPU
		{E549C0B1-4E6D-5780-8913-51CE0186C2C4}.Release|Any CPU.Build.0 = Release|Any CPU
		{F3450FC6-0E10-0A47-2F62-4E08F7AE2CAD}.Debug|Any CPU.ActiveCfg = Debug|Any CPU
		{F3450FC6-0E10-0A47-2F62-4E08F7AE2CAD}.Debug|Any CPU.Build.0 = Debug|Any CPU
		{F3450FC6-0E10-0A47-2F62-4E08F7AE2CAD}.Release|Any CPU.ActiveCfg = Release|Any CPU
		{F3450FC6-0E10-0A47-2F62-4E08F7AE2CAD}.Release|Any CPU.Build.0 = Release|Any CPU
	EndGlobalSection
	GlobalSection(SolutionProperties) = preSolution
		HideSolutionNode = FALSE
	EndGlobalSection
EndGlobal
